
Microsoft Visual Studio Solution File, Format Version 12.00
# Visual Studio Version 17
VisualStudioVersion = 17.14.36221.1
MinimumVisualStudioVersion = 10.0.40219.1
Project("{FAE04EC0-301F-11D3-BF4B-00C04F79EFBC}") = "Ado_net", "Ado_net\Ado_net.csproj", "{AD8F1EE4-9A01-420D-A68D-C5CA386BD698}"
EndProject
Project("{FAE04EC0-301F-11D3-BF4B-00C04F79EFBC}") = "Lesson_1_connection", "Lesson_1_connection\Lesson_1_connection.csproj", "{A9CF5015-9493-43A2-91DD-3ACD41E0E33E}"
EndProject
Project("{FAE04EC0-301F-11D3-BF4B-00C04F79EFBC}") = "Lesson_2_Stored_procedure", "Lesson_2_Storage_procedure\Lesson_2_Stored_procedure.csproj", "{2A01F8CF-E84C-4ECB-8029-9102958B07E7}"
EndProject
Project("{FAE04EC0-301F-11D3-BF4B-00C04F79EFBC}") = "Lesson_3_CommandBuilder", "Lesson_3_CommandBuilder\Lesson_3_CommandBuilder.csproj", "{3C33E8CB-6F40-4292-BA3C-7898237EFC93}"
EndProject
Project("{FAE04EC0-301F-11D3-BF4B-00C04F79EFBC}") = "Lesson_4_DataLayer", "Lesson_4_DataLayer\Lesson_4_DataLayer.csproj", "{1A58BDC9-5547-4C3C-84E2-A9A3C0520D4F}"
EndProject
Project("{FAE04EC0-301F-11D3-BF4B-00C04F79EFBC}") = "Lesson_5_Adapter", "Lesson_5_Adapter\Lesson_5_Adapter.csproj", "{F1AF8146-1840-433D-9225-3506B3CD8E84}"
EndProject
Project("{FAE04EC0-301F-11D3-BF4B-00C04F79EFBC}") = "Lesson_5_1_Graphic", "Lesson_5_1_Graphic\Lesson_5_1_Graphic.csproj", "{8B3BF692-D3CC-4CE8-AE7B-EE50A9A28A1D}"
EndProject
Global
	GlobalSection(SolutionConfigurationPlatforms) = preSolution
		Debug|Any CPU = Debug|Any CPU
		Release|Any CPU = Release|Any CPU
	EndGlobalSection
	GlobalSection(ProjectConfigurationPlatforms) = postSolution
		{AD8F1EE4-9A01-420D-A68D-C5CA386BD698}.Debug|Any CPU.ActiveCfg = Debug|Any CPU
		{AD8F1EE4-9A01-420D-A68D-C5CA386BD698}.Debug|Any CPU.Build.0 = Debug|Any CPU
		{AD8F1EE4-9A01-420D-A68D-C5CA386BD698}.Release|Any CPU.ActiveCfg = Release|Any CPU
		{AD8F1EE4-9A01-420D-A68D-C5CA386BD698}.Release|Any CPU.Build.0 = Release|Any CPU
		{A9CF5015-9493-43A2-91DD-3ACD41E0E33E}.Debug|Any CPU.ActiveCfg = Debug|Any CPU
		{A9CF5015-9493-43A2-91DD-3ACD41E0E33E}.Debug|Any CPU.Build.0 = Debug|Any CPU
		{A9CF5015-9493-43A2-91DD-3ACD41E0E33E}.Release|Any CPU.ActiveCfg = Release|Any CPU
		{A9CF5015-9493-43A2-91DD-3ACD41E0E33E}.Release|Any CPU.Build.0 = Release|Any CPU
		{2A01F8CF-E84C-4ECB-8029-9102958B07E7}.Debug|Any CPU.ActiveCfg = Debug|Any CPU
		{2A01F8CF-E84C-4ECB-8029-9102958B07E7}.Debug|Any CPU.Build.0 = Debug|Any CPU
		{2A01F8CF-E84C-4ECB-8029-9102958B07E7}.Release|Any CPU.ActiveCfg = Release|Any CPU
		{2A01F8CF-E84C-4ECB-8029-9102958B07E7}.Release|Any CPU.Build.0 = Release|Any CPU
		{3C33E8CB-6F40-4292-BA3C-7898237EFC93}.Debug|Any CPU.ActiveCfg = Debug|Any CPU
		{3C33E8CB-6F40-4292-BA3C-7898237EFC93}.Debug|Any CPU.Build.0 = Debug|Any CPU
		{3C33E8CB-6F40-4292-BA3C-7898237EFC93}.Release|Any CPU.ActiveCfg = Release|Any CPU
		{3C33E8CB-6F40-4292-BA3C-7898237EFC93}.Release|Any CPU.Build.0 = Release|Any CPU
		{1A58BDC9-5547-4C3C-84E2-A9A3C0520D4F}.Debug|Any CPU.ActiveCfg = Debug|Any CPU
		{1A58BDC9-5547-4C3C-84E2-A9A3C0520D4F}.Debug|Any CPU.Build.0 = Debug|Any CPU
		{1A58BDC9-5547-4C3C-84E2-A9A3C0520D4F}.Release|Any CPU.ActiveCfg = Release|Any CPU
		{1A58BDC9-5547-4C3C-84E2-A9A3C0520D4F}.Release|Any CPU.Build.0 = Release|Any CPU
		{F1AF8146-1840-433D-9225-3506B3CD8E84}.Debug|Any CPU.ActiveCfg = Debug|Any CPU
		{F1AF8146-1840-433D-9225-3506B3CD8E84}.Debug|Any CPU.Build.0 = Debug|Any CPU
		{F1AF8146-1840-433D-9225-3506B3CD8E84}.Release|Any CPU.ActiveCfg = Release|Any CPU
		{F1AF8146-1840-433D-9225-3506B3CD8E84}.Release|Any CPU.Build.0 = Release|Any CPU
		{8B3BF692-D3CC-4CE8-AE7B-EE50A9A28A1D}.Debug|Any CPU.ActiveCfg = Debug|Any CPU
		{8B3BF692-D3CC-4CE8-AE7B-EE50A9A28A1D}.Debug|Any CPU.Build.0 = Debug|Any CPU
		{8B3BF692-D3CC-4CE8-AE7B-EE50A9A28A1D}.Release|Any CPU.ActiveCfg = Release|Any CPU
		{8B3BF692-D3CC-4CE8-AE7B-EE50A9A28A1D}.Release|Any CPU.Build.0 = Release|Any CPU
	EndGlobalSection
	GlobalSection(SolutionProperties) = preSolution
		HideSolutionNode = FALSE
	EndGlobalSection
	GlobalSection(ExtensibilityGlobals) = postSolution
		SolutionGuid = {0061CBBA-7DFD-406B-8C01-3C7B663F09BF}
	EndGlobalSection
EndGlobal
